
Microsoft Visual Studio Solution File, Format Version 12.00
# Visual Studio 15
VisualStudioVersion = 15.0.27703.2026
MinimumVisualStudioVersion = 10.0.40219.1
Project("{FAE04EC0-301F-11D3-BF4B-00C04F79EFBC}") = "BlackJack.UI", "BlackJack.UI\BlackJack.UI.csproj", "{949302A4-13C3-4FD7-9CC7-F07E14A3466B}"
EndProject
Project("{FAE04EC0-301F-11D3-BF4B-00C04F79EFBC}") = "BlackJack.Dependency", "BlackJack.Dependency\BlackJack.Dependency.csproj", "{BF0842E6-1DC7-474A-AD47-C5F4A6EAC411}"
EndProject
Project("{FAE04EC0-301F-11D3-BF4B-00C04F79EFBC}") = "BlackJack.DataAccessLayer", "BlackJack.DataAccessLayer\BlackJack.DataAccessLayer.csproj", "{CC00B30E-0CCC-424A-A6D7-298327AA91D2}"
EndProject
Project("{FAE04EC0-301F-11D3-BF4B-00C04F79EFBC}") = "BlackJack.BusinessLogicLayer", "BlackJack.BusinessLogicLayer\BlackJack.BusinessLogicLayer.csproj", "{41E1AF8F-45AD-49B7-9F1B-5DB3ED95235B}"
EndProject
Project("{FAE04EC0-301F-11D3-BF4B-00C04F79EFBC}") = "BlackJack.ViewModels", "BlackJack.ViewModels\BlackJack.ViewModels.csproj", "{998CE2F6-D6D0-492B-B276-1E2C5CEF5F85}"
EndProject
Project("{FAE04EC0-301F-11D3-BF4B-00C04F79EFBC}") = "BlackJack.Entities", "BlackJack.Entities\BlackJack.Entities.csproj", "{7406BA2F-CD9A-436C-88F0-C96A3181B9CF}"
EndProject
Project("{FAE04EC0-301F-11D3-BF4B-00C04F79EFBC}") = "BlackJack.Services", "BlackJack.Services\BlackJack.Services.csproj", "{A534C435-76E4-4351-890E-74FFFA5A2DC4}"
EndProject
Global
	GlobalSection(SolutionConfigurationPlatforms) = preSolution
		Debug|Any CPU = Debug|Any CPU
		Release|Any CPU = Release|Any CPU
	EndGlobalSection
	GlobalSection(ProjectConfigurationPlatforms) = postSolution
		{949302A4-13C3-4FD7-9CC7-F07E14A3466B}.Debug|Any CPU.ActiveCfg = Debug|Any CPU
		{949302A4-13C3-4FD7-9CC7-F07E14A3466B}.Debug|Any CPU.Build.0 = Debug|Any CPU
		{949302A4-13C3-4FD7-9CC7-F07E14A3466B}.Release|Any CPU.ActiveCfg = Release|Any CPU
		{949302A4-13C3-4FD7-9CC7-F07E14A3466B}.Release|Any CPU.Build.0 = Release|Any CPU
		{BF0842E6-1DC7-474A-AD47-C5F4A6EAC411}.Debug|Any CPU.ActiveCfg = Debug|Any CPU
		{BF0842E6-1DC7-474A-AD47-C5F4A6EAC411}.Debug|Any CPU.Build.0 = Debug|Any CPU
		{BF0842E6-1DC7-474A-AD47-C5F4A6EAC411}.Release|Any CPU.ActiveCfg = Release|Any CPU
		{BF0842E6-1DC7-474A-AD47-C5F4A6EAC411}.Release|Any CPU.Build.0 = Release|Any CPU
		{CC00B30E-0CCC-424A-A6D7-298327AA91D2}.Debug|Any CPU.ActiveCfg = Debug|Any CPU
		{CC00B30E-0CCC-424A-A6D7-298327AA91D2}.Debug|Any CPU.Build.0 = Debug|Any CPU
		{CC00B30E-0CCC-424A-A6D7-298327AA91D2}.Release|Any CPU.ActiveCfg = Release|Any CPU
		{CC00B30E-0CCC-424A-A6D7-298327AA91D2}.Release|Any CPU.Build.0 = Release|Any CPU
		{41E1AF8F-45AD-49B7-9F1B-5DB3ED95235B}.Debug|Any CPU.ActiveCfg = Debug|Any CPU
		{41E1AF8F-45AD-49B7-9F1B-5DB3ED95235B}.Debug|Any CPU.Build.0 = Debug|Any CPU
		{41E1AF8F-45AD-49B7-9F1B-5DB3ED95235B}.Release|Any CPU.ActiveCfg = Release|Any CPU
		{41E1AF8F-45AD-49B7-9F1B-5DB3ED95235B}.Release|Any CPU.Build.0 = Release|Any CPU
		{998CE2F6-D6D0-492B-B276-1E2C5CEF5F85}.Debug|Any CPU.ActiveCfg = Debug|Any CPU
		{998CE2F6-D6D0-492B-B276-1E2C5CEF5F85}.Debug|Any CPU.Build.0 = Debug|Any CPU
		{998CE2F6-D6D0-492B-B276-1E2C5CEF5F85}.Release|Any CPU.ActiveCfg = Release|Any CPU
		{998CE2F6-D6D0-492B-B276-1E2C5CEF5F85}.Release|Any CPU.Build.0 = Release|Any CPU
		{7406BA2F-CD9A-436C-88F0-C96A3181B9CF}.Debug|Any CPU.ActiveCfg = Debug|Any CPU
		{7406BA2F-CD9A-436C-88F0-C96A3181B9CF}.Debug|Any CPU.Build.0 = Debug|Any CPU
		{7406BA2F-CD9A-436C-88F0-C96A3181B9CF}.Release|Any CPU.ActiveCfg = Release|Any CPU
		{7406BA2F-CD9A-436C-88F0-C96A3181B9CF}.Release|Any CPU.Build.0 = Release|Any CPU
		{A534C435-76E4-4351-890E-74FFFA5A2DC4}.Debug|Any CPU.ActiveCfg = Debug|Any CPU
		{A534C435-76E4-4351-890E-74FFFA5A2DC4}.Debug|Any CPU.Build.0 = Debug|Any CPU
		{A534C435-76E4-4351-890E-74FFFA5A2DC4}.Release|Any CPU.ActiveCfg = Release|Any CPU
		{A534C435-76E4-4351-890E-74FFFA5A2DC4}.Release|Any CPU.Build.0 = Release|Any CPU
	EndGlobalSection
	GlobalSection(SolutionProperties) = preSolution
		HideSolutionNode = FALSE
	EndGlobalSection
	GlobalSection(ExtensibilityGlobals) = postSolution
		SolutionGuid = {3A3F41B0-83FB-4A68-AC75-795B1B4CC1FE}
	EndGlobalSection
EndGlobal
